
Microsoft Visual Studio Solution File, Format Version 12.00
# Visual Studio 15
VisualStudioVersion = 15.0.26124.0
MinimumVisualStudioVersion = 15.0.26124.0
Project("{2150E333-8FDC-42A3-9474-1A3956D46DE8}") = "src", "src", "{7D85C506-FB99-444E-A86B-E615680B9F02}"
EndProject
Project("{FAE04EC0-301F-11D3-BF4B-00C04F79EFBC}") = "GradeBook", "src\GradeBook\GradeBook.csproj", "{603E88DC-2D04-446E-B2DA-39A0B6D9B4A3}"
EndProject
Project("{2150E333-8FDC-42A3-9474-1A3956D46DE8}") = "test", "test", "{18A7467A-6D26-420A-AF27-576B075D79B4}"
EndProject
Project("{FAE04EC0-301F-11D3-BF4B-00C04F79EFBC}") = "GradeBook.Tests", "test\GradeBook.Tests\GradeBook.Tests.csproj", "{3EA0C2D5-7986-431D-81FE-A3FE66A6D649}"
EndProject
Global
	GlobalSection(SolutionConfigurationPlatforms) = preSolution
		Debug|Any CPU = Debug|Any CPU
		Debug|x64 = Debug|x64
		Debug|x86 = Debug|x86
		Release|Any CPU = Release|Any CPU
		Release|x64 = Release|x64
		Release|x86 = Release|x86
	EndGlobalSection
	GlobalSection(SolutionProperties) = preSolution
		HideSolutionNode = FALSE
	EndGlobalSection
	GlobalSection(ProjectConfigurationPlatforms) = postSolution
		{603E88DC-2D04-446E-B2DA-39A0B6D9B4A3}.Debug|Any CPU.ActiveCfg = Debug|Any CPU
		{603E88DC-2D04-446E-B2DA-39A0B6D9B4A3}.Debug|Any CPU.Build.0 = Debug|Any CPU
		{603E88DC-2D04-446E-B2DA-39A0B6D9B4A3}.Debug|x64.ActiveCfg = Debug|Any CPU
		{603E88DC-2D04-446E-B2DA-39A0B6D9B4A3}.Debug|x64.Build.0 = Debug|Any CPU
		{603E88DC-2D04-446E-B2DA-39A0B6D9B4A3}.Debug|x86.ActiveCfg = Debug|Any CPU
		{603E88DC-2D04-446E-B2DA-39A0B6D9B4A3}.Debug|x86.Build.0 = Debug|Any CPU
		{603E88DC-2D04-446E-B2DA-39A0B6D9B4A3}.Release|Any CPU.ActiveCfg = Release|Any CPU
		{603E88DC-2D04-446E-B2DA-39A0B6D9B4A3}.Release|Any CPU.Build.0 = Release|Any CPU
		{603E88DC-2D04-446E-B2DA-39A0B6D9B4A3}.Release|x64.ActiveCfg = Release|Any CPU
		{603E88DC-2D04-446E-B2DA-39A0B6D9B4A3}.Release|x64.Build.0 = Release|Any CPU
		{603E88DC-2D04-446E-B2DA-39A0B6D9B4A3}.Release|x86.ActiveCfg = Release|Any CPU
		{603E88DC-2D04-446E-B2DA-39A0B6D9B4A3}.Release|x86.Build.0 = Release|Any CPU
		{3EA0C2D5-7986-431D-81FE-A3FE66A6D649}.Debug|Any CPU.ActiveCfg = Debug|Any CPU
		{3EA0C2D5-7986-431D-81FE-A3FE66A6D649}.Debug|Any CPU.Build.0 = Debug|Any CPU
		{3EA0C2D5-7986-431D-81FE-A3FE66A6D649}.Debug|x64.ActiveCfg = Debug|Any CPU
		{3EA0C2D5-7986-431D-81FE-A3FE66A6D649}.Debug|x64.Build.0 = Debug|Any CPU
		{3EA0C2D5-7986-431D-81FE-A3FE66A6D649}.Debug|x86.ActiveCfg = Debug|Any CPU
		{3EA0C2D5-7986-431D-81FE-A3FE66A6D649}.Debug|x86.Build.0 = Debug|Any CPU
		{3EA0C2D5-7986-431D-81FE-A3FE66A6D649}.Release|Any CPU.ActiveCfg = Release|Any CPU
		{3EA0C2D5-7986-431D-81FE-A3FE66A6D649}.Release|Any CPU.Build.0 = Release|Any CPU
		{3EA0C2D5-7986-431D-81FE-A3FE66A6D649}.Release|x64.ActiveCfg = Release|Any CPU
		{3EA0C2D5-7986-431D-81FE-A3FE66A6D649}.Release|x64.Build.0 = Release|Any CPU
		{3EA0C2D5-7986-431D-81FE-A3FE66A6D649}.Release|x86.ActiveCfg = Release|Any CPU
		{3EA0C2D5-7986-431D-81FE-A3FE66A6D649}.Release|x86.Build.0 = Release|Any CPU
	EndGlobalSection
	GlobalSection(NestedProjects) = preSolution
		{603E88DC-2D04-446E-B2DA-39A0B6D9B4A3} = {7D85C506-FB99-444E-A86B-E615680B9F02}
		{3EA0C2D5-7986-431D-81FE-A3FE66A6D649} = {18A7467A-6D26-420A-AF27-576B075D79B4}
	EndGlobalSection
EndGlobal
